
Microsoft Visual Studio Solution File, Format Version 12.00
# Visual Studio Version 17
VisualStudioVersion = 17.10.34818.151
MinimumVisualStudioVersion = 10.0.40219.1
Project("{FAE04EC0-301F-11D3-BF4B-00C04F79EFBC}") = "XML-JSON", "XML-JSON\XML-JSON.csproj", "{7701027A-00A7-498B-B3F0-99881A7709D6}"
EndProject
Global
	GlobalSection(SolutionConfigurationPlatforms) = preSolution
		Debug|Any CPU = Debug|Any CPU
		Release|Any CPU = Release|Any CPU
	EndGlobalSection
	GlobalSection(ProjectConfigurationPlatforms) = postSolution
		{7701027A-00A7-498B-B3F0-99881A7709D6}.Debug|Any CPU.ActiveCfg = Debug|Any CPU
		{7701027A-00A7-498B-B3F0-99881A7709D6}.Debug|Any CPU.Build.0 = Debug|Any CPU
		{7701027A-00A7-498B-B3F0-99881A7709D6}.Release|Any CPU.ActiveCfg = Release|Any CPU
		{7701027A-00A7-498B-B3F0-99881A7709D6}.Release|Any CPU.Build.0 = Release|Any CPU
	EndGlobalSection
	GlobalSection(SolutionProperties) = preSolution
		HideSolutionNode = FALSE
	EndGlobalSection
	GlobalSection(ExtensibilityGlobals) = postSolution
		SolutionGuid = {930D376F-2EA8-478F-AC47-D23CD593CA63}
	EndGlobalSection
EndGlobal
